
Microsoft Visual Studio Solution File, Format Version 12.00
# Visual Studio Version 17
VisualStudioVersion = 17.6.33815.320
MinimumVisualStudioVersion = 10.0.40219.1
Project("{FAE04EC0-301F-11D3-BF4B-00C04F79EFBC}") = "AspNetCoreEgitim6584", "AspNetCoreEgitim6584\AspNetCoreEgitim6584.csproj", "{8942A6CE-B154-4F6C-A54E-0C5B65D2A585}"
EndProject
Global
	GlobalSection(SolutionConfigurationPlatforms) = preSolution
		Debug|Any CPU = Debug|Any CPU
		Release|Any CPU = Release|Any CPU
	EndGlobalSection
	GlobalSection(ProjectConfigurationPlatforms) = postSolution
		{8942A6CE-B154-4F6C-A54E-0C5B65D2A585}.Debug|Any CPU.ActiveCfg = Debug|Any CPU
		{8942A6CE-B154-4F6C-A54E-0C5B65D2A585}.Debug|Any CPU.Build.0 = Debug|Any CPU
		{8942A6CE-B154-4F6C-A54E-0C5B65D2A585}.Release|Any CPU.ActiveCfg = Release|Any CPU
		{8942A6CE-B154-4F6C-A54E-0C5B65D2A585}.Release|Any CPU.Build.0 = Release|Any CPU
	EndGlobalSection
	GlobalSection(SolutionProperties) = preSolution
		HideSolutionNode = FALSE
	EndGlobalSection
	GlobalSection(ExtensibilityGlobals) = postSolution
		SolutionGuid = {E9740EDE-5D77-429E-8FA3-A54F9C37C417}
	EndGlobalSection
EndGlobal
